
Microsoft Visual Studio Solution File, Format Version 12.00
Project("{FAE04EC0-301F-11D3-BF4B-00C04F79EFBC}") = "Neat.Net", "Neat.Net\Neat.Net.csproj", "{DFBD1324-7BDD-4590-AABB-5C5932DE503B}"
EndProject
Project("{FAE04EC0-301F-11D3-BF4B-00C04F79EFBC}") = "Net.NetImpl", "Net.NetImpl\Net.NetImpl.csproj", "{4BD42667-BCC0-454F-BC6C-A2A8ED86F381}"
EndProject
Global
	GlobalSection(SolutionConfigurationPlatforms) = preSolution
		Debug|Any CPU = Debug|Any CPU
		Release|Any CPU = Release|Any CPU
	EndGlobalSection
	GlobalSection(ProjectConfigurationPlatforms) = postSolution
		{DFBD1324-7BDD-4590-AABB-5C5932DE503B}.Debug|Any CPU.ActiveCfg = Debug|Any CPU
		{DFBD1324-7BDD-4590-AABB-5C5932DE503B}.Debug|Any CPU.Build.0 = Debug|Any CPU
		{DFBD1324-7BDD-4590-AABB-5C5932DE503B}.Release|Any CPU.ActiveCfg = Release|Any CPU
		{DFBD1324-7BDD-4590-AABB-5C5932DE503B}.Release|Any CPU.Build.0 = Release|Any CPU
		{4BD42667-BCC0-454F-BC6C-A2A8ED86F381}.Debug|Any CPU.ActiveCfg = Debug|Any CPU
		{4BD42667-BCC0-454F-BC6C-A2A8ED86F381}.Debug|Any CPU.Build.0 = Debug|Any CPU
		{4BD42667-BCC0-454F-BC6C-A2A8ED86F381}.Release|Any CPU.ActiveCfg = Release|Any CPU
		{4BD42667-BCC0-454F-BC6C-A2A8ED86F381}.Release|Any CPU.Build.0 = Release|Any CPU
	EndGlobalSection
EndGlobal
